<Solution>
  <Project Path="UniTask.csproj" />
  <Project Path="UniTask.Linq.csproj" />
  <Project Path="UniTask.Addressables.csproj" />
  <Project Path="Assembly-CSharp-firstpass.csproj" />
  <Project Path="UniTask.TextMeshPro.csproj" />
  <Project Path="Assembly-CSharp-Editor.csproj" />
  <Project Path="Assembly-CSharp.csproj" />
  <Project Path="Sirenix.OdinInspector.Modules.Unity.Addressables.csproj" />
  <Project Path="UniTask.Editor.csproj" />
  <Project Path="Sirenix.OdinInspector.Modules.UnityMathematics.csproj" />
  <Project Path="UniTask.DOTween.csproj" />
  <Project Path="sc.utilities.selectionhistory.editor.csproj" />
</Solution>
